
Microsoft Visual Studio Solution File, Format Version 12.00
# Visual Studio 15
VisualStudioVersion = 15.0.27130.2010
MinimumVisualStudioVersion = 10.0.40219.1
Project("{9A19103F-16F7-4668-BE54-9A1E7A4F7556}") = "PrimerosPasos", "PrimerosPasos\PrimerosPasos.csproj", "{EA2FE04A-025C-4C4A-8A4E-C2DD9608E74D}"
EndProject
Project("{FAE04EC0-301F-11D3-BF4B-00C04F79EFBC}") = "ComparadorDeVariables", "ComparadorDeVariables\ComparadorDeVariables.csproj", "{7BE45DA2-DF82-498A-9993-D5CA616EC080}"
EndProject
Global
	GlobalSection(SolutionConfigurationPlatforms) = preSolution
		Debug|Any CPU = Debug|Any CPU
		Release|Any CPU = Release|Any CPU
	EndGlobalSection
	GlobalSection(ProjectConfigurationPlatforms) = postSolution
		{EA2FE04A-025C-4C4A-8A4E-C2DD9608E74D}.Debug|Any CPU.ActiveCfg = Debug|Any CPU
		{EA2FE04A-025C-4C4A-8A4E-C2DD9608E74D}.Debug|Any CPU.Build.0 = Debug|Any CPU
		{EA2FE04A-025C-4C4A-8A4E-C2DD9608E74D}.Release|Any CPU.ActiveCfg = Release|Any CPU
		{EA2FE04A-025C-4C4A-8A4E-C2DD9608E74D}.Release|Any CPU.Build.0 = Release|Any CPU
		{7BE45DA2-DF82-498A-9993-D5CA616EC080}.Debug|Any CPU.ActiveCfg = Debug|Any CPU
		{7BE45DA2-DF82-498A-9993-D5CA616EC080}.Debug|Any CPU.Build.0 = Debug|Any CPU
		{7BE45DA2-DF82-498A-9993-D5CA616EC080}.Release|Any CPU.ActiveCfg = Release|Any CPU
		{7BE45DA2-DF82-498A-9993-D5CA616EC080}.Release|Any CPU.Build.0 = Release|Any CPU
	EndGlobalSection
	GlobalSection(SolutionProperties) = preSolution
		HideSolutionNode = FALSE
	EndGlobalSection
	GlobalSection(ExtensibilityGlobals) = postSolution
		SolutionGuid = {28491ECD-2F38-4754-A726-B41DB1D29A64}
	EndGlobalSection
EndGlobal
