
Microsoft Visual Studio Solution File, Format Version 12.00
# Visual Studio 15
VisualStudioVersion = 15.0.27130.2010
MinimumVisualStudioVersion = 10.0.40219.1
Project("{9A19103F-16F7-4668-BE54-9A1E7A4F7556}") = "SlnCapitulo03", "SlnCapitulo03\SlnCapitulo03.csproj", "{3ECA170C-4F6C-4863-B6F0-199E049A6A2F}"
EndProject
Project("{FAE04EC0-301F-11D3-BF4B-00C04F79EFBC}") = "SobrepasandoLimites", "SobrepasandoLimites\SobrepasandoLimites.csproj", "{087EA142-DF7D-4B62-90B5-8330F3DAD60C}"
EndProject
Global
	GlobalSection(SolutionConfigurationPlatforms) = preSolution
		Debug|Any CPU = Debug|Any CPU
		Release|Any CPU = Release|Any CPU
	EndGlobalSection
	GlobalSection(ProjectConfigurationPlatforms) = postSolution
		{3ECA170C-4F6C-4863-B6F0-199E049A6A2F}.Debug|Any CPU.ActiveCfg = Debug|Any CPU
		{3ECA170C-4F6C-4863-B6F0-199E049A6A2F}.Debug|Any CPU.Build.0 = Debug|Any CPU
		{3ECA170C-4F6C-4863-B6F0-199E049A6A2F}.Release|Any CPU.ActiveCfg = Release|Any CPU
		{3ECA170C-4F6C-4863-B6F0-199E049A6A2F}.Release|Any CPU.Build.0 = Release|Any CPU
		{087EA142-DF7D-4B62-90B5-8330F3DAD60C}.Debug|Any CPU.ActiveCfg = Debug|Any CPU
		{087EA142-DF7D-4B62-90B5-8330F3DAD60C}.Debug|Any CPU.Build.0 = Debug|Any CPU
		{087EA142-DF7D-4B62-90B5-8330F3DAD60C}.Release|Any CPU.ActiveCfg = Release|Any CPU
		{087EA142-DF7D-4B62-90B5-8330F3DAD60C}.Release|Any CPU.Build.0 = Release|Any CPU
	EndGlobalSection
	GlobalSection(SolutionProperties) = preSolution
		HideSolutionNode = FALSE
	EndGlobalSection
	GlobalSection(ExtensibilityGlobals) = postSolution
		SolutionGuid = {F30D1B90-AAD0-44D2-999E-0EAD5F667ABB}
	EndGlobalSection
EndGlobal
